
Microsoft Visual Studio Solution File, Format Version 12.00
# Visual Studio Version 16
VisualStudioVersion = 16.0.32630.194
MinimumVisualStudioVersion = 10.0.40219.1
Project("{FAE04EC0-301F-11D3-BF4B-00C04F79EFBC}") = "Nov22_Fundamental", "Nov22_Fundamental.csproj", "{D8A88B99-C9B4-46C6-9A69-8E77F1A72221}"
EndProject
Global
	GlobalSection(SolutionConfigurationPlatforms) = preSolution
		Debug|Any CPU = Debug|Any CPU
		Release|Any CPU = Release|Any CPU
	EndGlobalSection
	GlobalSection(ProjectConfigurationPlatforms) = postSolution
		{D8A88B99-C9B4-46C6-9A69-8E77F1A72221}.Debug|Any CPU.ActiveCfg = Debug|Any CPU
		{D8A88B99-C9B4-46C6-9A69-8E77F1A72221}.Debug|Any CPU.Build.0 = Debug|Any CPU
		{D8A88B99-C9B4-46C6-9A69-8E77F1A72221}.Release|Any CPU.ActiveCfg = Release|Any CPU
		{D8A88B99-C9B4-46C6-9A69-8E77F1A72221}.Release|Any CPU.Build.0 = Release|Any CPU
	EndGlobalSection
	GlobalSection(SolutionProperties) = preSolution
		HideSolutionNode = FALSE
	EndGlobalSection
	GlobalSection(ExtensibilityGlobals) = postSolution
		SolutionGuid = {3852653C-FD3E-434D-B9EE-BB12525BD7E0}
	EndGlobalSection
EndGlobal
